
Microsoft Visual Studio Solution File, Format Version 12.00
# Visual Studio Version 17
VisualStudioVersion = 17.7.34031.279
MinimumVisualStudioVersion = 10.0.40219.1
Project("{FAE04EC0-301F-11D3-BF4B-00C04F79EFBC}") = "Hesap Makinası", "Hesap Makinası\Hesap Makinası.csproj", "{8F6E1D42-BFCD-488E-AC3A-C6F52A4085EC}"
EndProject
Global
	GlobalSection(SolutionConfigurationPlatforms) = preSolution
		Debug|Any CPU = Debug|Any CPU
		Release|Any CPU = Release|Any CPU
	EndGlobalSection
	GlobalSection(ProjectConfigurationPlatforms) = postSolution
		{8F6E1D42-BFCD-488E-AC3A-C6F52A4085EC}.Debug|Any CPU.ActiveCfg = Debug|Any CPU
		{8F6E1D42-BFCD-488E-AC3A-C6F52A4085EC}.Debug|Any CPU.Build.0 = Debug|Any CPU
		{8F6E1D42-BFCD-488E-AC3A-C6F52A4085EC}.Release|Any CPU.ActiveCfg = Release|Any CPU
		{8F6E1D42-BFCD-488E-AC3A-C6F52A4085EC}.Release|Any CPU.Build.0 = Release|Any CPU
	EndGlobalSection
	GlobalSection(SolutionProperties) = preSolution
		HideSolutionNode = FALSE
	EndGlobalSection
	GlobalSection(ExtensibilityGlobals) = postSolution
		SolutionGuid = {F643A6E1-5DBB-4267-AD90-F6931BA8B81D}
	EndGlobalSection
EndGlobal
